// !$*UTF8*$!
{
	archiveVersion = 1;
	classes = {
	};
	objectVersion = 50;
	objects = {

/* Begin PBXBuildFile section */
		AD18300626B8AFBB003D7A53 /* UserModel.swift in Sources */ = {isa = PBXBuildFile; fileRef = AD18300526B8AFBB003D7A53 /* UserModel.swift */; };
		AD263A3926B8E8040082C368 /* UsersViewModel.swift in Sources */ = {isa = PBXBuildFile; fileRef = AD263A3826B8E8040082C368 /* UsersViewModel.swift */; };
		AD32304C26B8365E0057BCB1 /* AppDelegate.swift in Sources */ = {isa = PBXBuildFile; fileRef = AD32304B26B8365E0057BCB1 /* AppDelegate.swift */; };
		AD32304E26B8365E0057BCB1 /* SceneDelegate.swift in Sources */ = {isa = PBXBuildFile; fileRef = AD32304D26B8365E0057BCB1 /* SceneDelegate.swift */; };
		AD32305026B8365E0057BCB1 /* ContentView.swift in Sources */ = {isa = PBXBuildFile; fileRef = AD32304F26B8365E0057BCB1 /* ContentView.swift */; };
		AD32305226B8365E0057BCB1 /* Assets.xcassets in Resources */ = {isa = PBXBuildFile; fileRef = AD32305126B8365E0057BCB1 /* Assets.xcassets */; };
		AD32305526B8365E0057BCB1 /* Preview Assets.xcassets in Resources */ = {isa = PBXBuildFile; fileRef = AD32305426B8365E0057BCB1 /* Preview Assets.xcassets */; };
		AD32305826B8365E0057BCB1 /* LaunchScreen.storyboard in Resources */ = {isa = PBXBuildFile; fileRef = AD32305626B8365E0057BCB1 /* LaunchScreen.storyboard */; };
/* End PBXBuildFile section */

/* Begin PBXFileReference section */
		AD18300526B8AFBB003D7A53 /* UserModel.swift */ = {isa = PBXFileReference; lastKnownFileType = sourcecode.swift; path = UserModel.swift; sourceTree = "<group>"; };
		AD263A3826B8E8040082C368 /* UsersViewModel.swift */ = {isa = PBXFileReference; lastKnownFileType = sourcecode.swift; path = UsersViewModel.swift; sourceTree = "<group>"; };
		AD32304826B8365E0057BCB1 /* SimpleMVVMRestAPI.app */ = {isa = PBXFileReference; explicitFileType = wrapper.application; includeInIndex = 0; path = SimpleMVVMRestAPI.app; sourceTree = BUILT_PRODUCTS_DIR; };
		AD32304B26B8365E0057BCB1 /* AppDelegate.swift */ = {isa = PBXFileReference; lastKnownFileType = sourcecode.swift; path = AppDelegate.swift; sourceTree = "<group>"; };
		AD32304D26B8365E0057BCB1 /* SceneDelegate.swift */ = {isa = PBXFileReference; lastKnownFileType = sourcecode.swift; path = SceneDelegate.swift; sourceTree = "<group>"; };
		AD32304F26B8365E0057BCB1 /* ContentView.swift */ = {isa = PBXFileReference; lastKnownFileType = sourcecode.swift; path = ContentView.swift; sourceTree = "<group>"; };
		AD32305126B8365E0057BCB1 /* Assets.xcassets */ = {isa = PBXFileReference; lastKnownFileType = folder.assetcatalog; path = Assets.xcassets; sourceTree = "<group>"; };
		AD32305426B8365E0057BCB1 /* Preview Assets.xcassets */ = {isa = PBXFileReference; lastKnownFileType = folder.assetcatalog; path = "Preview Assets.xcassets"; sourceTree = "<group>"; };
		AD32305726B8365E0057BCB1 /* Base */ = {isa = PBXFileReference; lastKnownFileType = file.storyboard; name = Base; path = Base.lproj/LaunchScreen.storyboard; sourceTree = "<group>"; };
		AD32305926B8365E0057BCB1 /* Info.plist */ = {isa = PBXFileReference; lastKnownFileType = text.plist.xml; path = Info.plist; sourceTree = "<group>"; };
/* End PBXFileReference section */

/* Begin PBXFrameworksBuildPhase section */
		AD32304526B8365E0057BCB1 /* Frameworks */ = {
			isa = PBXFrameworksBuildPhase;
			buildActionMask = 2147483647;
			files = (
			);
			runOnlyForDeploymentPostprocessing = 0;
		};
/* End PBXFrameworksBuildPhase section */

/* Begin PBXGroup section */
		AD18300426B8AFA9003D7A53 /* Models */ = {
			isa = PBXGroup;
			children = (
				AD18300526B8AFBB003D7A53 /* UserModel.swift */,
			);
			path = Models;
			sourceTree = "<group>";
		};
		AD263A3626B8E7BC0082C368 /* Resources */ = {
			isa = PBXGroup;
			children = (
				AD32304B26B8365E0057BCB1 /* AppDelegate.swift */,
				AD32304D26B8365E0057BCB1 /* SceneDelegate.swift */,
			);
			path = Resources;
			sourceTree = "<group>";
		};
		AD263A3726B8E7F20082C368 /* ViewModels */ = {
			isa = PBXGroup;
			children = (
				AD263A3826B8E8040082C368 /* UsersViewModel.swift */,
			);
			path = ViewModels;
			sourceTree = "<group>";
		};
		AD32303F26B8365E0057BCB1 = {
			isa = PBXGroup;
			children = (
				AD32304A26B8365E0057BCB1 /* SimpleMVVMRestAPI */,
				AD32304926B8365E0057BCB1 /* Products */,
			);
			sourceTree = "<group>";
		};
		AD32304926B8365E0057BCB1 /* Products */ = {
			isa = PBXGroup;
			children = (
				AD32304826B8365E0057BCB1 /* SimpleMVVMRestAPI.app */,
			);
			name = Products;
			sourceTree = "<group>";
		};
		AD32304A26B8365E0057BCB1 /* SimpleMVVMRestAPI */ = {
			isa = PBXGroup;
			children = (
				AD263A3726B8E7F20082C368 /* ViewModels */,
				AD263A3626B8E7BC0082C368 /* Resources */,
				AD18300426B8AFA9003D7A53 /* Models */,
				AD32304F26B8365E0057BCB1 /* ContentView.swift */,
				AD32305126B8365E0057BCB1 /* Assets.xcassets */,
				AD32305626B8365E0057BCB1 /* LaunchScreen.storyboard */,
				AD32305926B8365E0057BCB1 /* Info.plist */,
				AD32305326B8365E0057BCB1 /* Preview Content */,
			);
			path = SimpleMVVMRestAPI;
			sourceTree = "<group>";
		};
		AD32305326B8365E0057BCB1 /* Preview Content */ = {
			isa = PBXGroup;
			children = (
				AD32305426B8365E0057BCB1 /* Preview Assets.xcassets */,
			);
			path = "Preview Content";
			sourceTree = "<group>";
		};
/* End PBXGroup section */

/* Begin PBXNativeTarget section */
		AD32304726B8365E0057BCB1 /* SimpleMVVMRestAPI */ = {
			isa = PBXNativeTarget;
			buildConfigurationList = AD32305C26B8365E0057BCB1 /* Build configuration list for PBXNativeTarget "SimpleMVVMRestAPI" */;
			buildPhases = (
				AD32304426B8365E0057BCB1 /* Sources */,
				AD32304526B8365E0057BCB1 /* Frameworks */,
				AD32304626B8365E0057BCB1 /* Resources */,
			);
			buildRules = (
			);
			dependencies = (
			);
			name = SimpleMVVMRestAPI;
			productName = SimpleMVVMRestAPI;
			productReference = AD32304826B8365E0057BCB1 /* SimpleMVVMRestAPI.app */;
			productType = "com.apple.product-type.application";
		};
/* End PBXNativeTarget section */

/* Begin PBXProject section */
		AD32304026B8365E0057BCB1 /* Project object */ = {
			isa = PBXProject;
			attributes = {
				LastSwiftUpdateCheck = 1250;
				LastUpgradeCheck = 1250;
				TargetAttributes = {
					AD32304726B8365E0057BCB1 = {
						CreatedOnToolsVersion = 12.5.1;
					};
				};
			};
			buildConfigurationList = AD32304326B8365E0057BCB1 /* Build configuration list for PBXProject "SimpleMVVMRestAPI" */;
			compatibilityVersion = "Xcode 9.3";
			developmentRegion = en;
			hasScannedForEncodings = 0;
			knownRegions = (
				en,
				Base,
			);
			mainGroup = AD32303F26B8365E0057BCB1;
			productRefGroup = AD32304926B8365E0057BCB1 /* Products */;
			projectDirPath = "";
			projectRoot = "";
			targets = (
				AD32304726B8365E0057BCB1 /* SimpleMVVMRestAPI */,
			);
		};
/* End PBXProject section */

/* Begin PBXResourcesBuildPhase section */
		AD32304626B8365E0057BCB1 /* Resources */ = {
			isa = PBXResourcesBuildPhase;
			buildActionMask = 2147483647;
			files = (
				AD32305826B8365E0057BCB1 /* LaunchScreen.storyboard in Resources */,
				AD32305526B8365E0057BCB1 /* Preview Assets.xcassets in Resources */,
				AD32305226B8365E0057BCB1 /* Assets.xcassets in Resources */,
			);
			runOnlyForDeploymentPostprocessing = 0;
		};
/* End PBXResourcesBuildPhase section */

/* Begin PBXSourcesBuildPhase section */
		AD32304426B8365E0057BCB1 /* Sources */ = {
			isa = PBXSourcesBuildPhase;
			buildActionMask = 2147483647;
			files = (
				AD32304C26B8365E0057BCB1 /* AppDelegate.swift in Sources */,
				AD32304E26B8365E0057BCB1 /* SceneDelegate.swift in Sources */,
				AD18300626B8AFBB003D7A53 /* UserModel.swift in Sources */,
				AD32305026B8365E0057BCB1 /* ContentView.swift in Sources */,
				AD263A3926B8E8040082C368 /* UsersViewModel.swift in Sources */,
			);
			runOnlyForDeploymentPostprocessing = 0;
		};
/* End PBXSourcesBuildPhase section */

/* Begin PBXVariantGroup section */
		AD32305626B8365E0057BCB1 /* LaunchScreen.storyboard */ = {
			isa = PBXVariantGroup;
			children = (
				AD32305726B8365E0057BCB1 /* Base */,
			);
			name = LaunchScreen.storyboard;
			sourceTree = "<group>";
		};
/* End PBXVariantGroup section */

/* Begin XCBuildConfiguration section */
		AD32305A26B8365E0057BCB1 /* Debug */ = {
			isa = XCBuildConfiguration;
			buildSettings = {
				ALWAYS_SEARCH_USER_PATHS = NO;
				CLANG_ANALYZER_NONNULL = YES;
				CLANG_ANALYZER_NUMBER_OBJECT_CONVERSION = YES_AGGRESSIVE;
				CLANG_CXX_LANGUAGE_STANDARD = "gnu++14";
				CLANG_CXX_LIBRARY = "libc++";
				CLANG_ENABLE_MODULES = YES;
				CLANG_ENABLE_OBJC_ARC = YES;
				CLANG_ENABLE_OBJC_WEAK = YES;
				CLANG_WARN_BLOCK_CAPTURE_AUTORELEASING = YES;
				CLANG_WARN_BOOL_CONVERSION = YES;
				CLANG_WARN_COMMA = YES;
				CLANG_WARN_CONSTANT_CONVERSION = YES;
				CLANG_WARN_DEPRECATED_OBJC_IMPLEMENTATIONS = YES;
				CLANG_WARN_DIRECT_OBJC_ISA_USAGE = YES_ERROR;
				CLANG_WARN_DOCUMENTATION_COMMENTS = YES;
				CLANG_WARN_EMPTY_BODY = YES;
				CLANG_WARN_ENUM_CONVERSION = YES;
				CLANG_WARN_INFINITE_RECURSION = YES;
				CLANG_WARN_INT_CONVERSION = YES;
				CLANG_WARN_NON_LITERAL_NULL_CONVERSION = YES;
				CLANG_WARN_OBJC_IMPLICIT_RETAIN_SELF = YES;
				CLANG_WARN_OBJC_LITERAL_CONVERSION = YES;
				CLANG_WARN_OBJC_ROOT_CLASS = YES_ERROR;
				CLANG_WARN_QUOTED_INCLUDE_IN_FRAMEWORK_HEADER = YES;
				CLANG_WARN_RANGE_LOOP_ANALYSIS = YES;
				CLANG_WARN_STRICT_PROTOTYPES = YES;
				CLANG_WARN_SUSPICIOUS_MOVE = YES;
				CLANG_WARN_UNGUARDED_AVAILABILITY = YES_AGGRESSIVE;
				CLANG_WARN_UNREACHABLE_CODE = YES;
				CLANG_WARN__DUPLICATE_METHOD_MATCH = YES;
				COPY_PHASE_STRIP = NO;
				DEBUG_INFORMATION_FORMAT = dwarf;
				ENABLE_STRICT_OBJC_MSGSEND = YES;
				ENABLE_TESTABILITY = YES;
				GCC_C_LANGUAGE_STANDARD = gnu11;
				GCC_DYNAMIC_NO_PIC = NO;
				GCC_NO_COMMON_BLOCKS = YES;
				GCC_OPTIMIZATION_LEVEL = 0;
				GCC_PREPROCESSOR_DEFINITIONS = (
					"DEBUG=1",
					"$(inherited)",
				);
				GCC_WARN_64_TO_32_BIT_CONVERSION = YES;
				GCC_WARN_ABOUT_RETURN_TYPE = YES_ERROR;
				GCC_WARN_UNDECLARED_SELECTOR = YES;
				GCC_WARN_UNINITIALIZED_AUTOS = YES_AGGRESSIVE;
				GCC_WARN_UNUSED_FUNCTION = YES;
				GCC_WARN_UNUSED_VARIABLE = YES;
				IPHONEOS_DEPLOYMENT_TARGET = 14.5;
				MTL_ENABLE_DEBUG_INFO = INCLUDE_SOURCE;
				MTL_FAST_MATH = YES;
				ONLY_ACTIVE_ARCH = YES;
				SDKROOT = iphoneos;
				SWIFT_ACTIVE_COMPILATION_CONDITIONS = DEBUG;
				SWIFT_OPTIMIZATION_LEVEL = "-Onone";
			};
			name = Debug;
		};
		AD32305B26B8365E0057BCB1 /* Release */ = {
			isa = XCBuildConfiguration;
			buildSettings = {
				ALWAYS_SEARCH_USER_PATHS = NO;
				CLANG_ANALYZER_NONNULL = YES;
				CLANG_ANALYZER_NUMBER_OBJECT_CONVERSION = YES_AGGRESSIVE;
				CLANG_CXX_LANGUAGE_STANDARD = "gnu++14";
				CLANG_CXX_LIBRARY = "libc++";
				CLANG_ENABLE_MODULES = YES;
				CLANG_ENABLE_OBJC_ARC = YES;
				CLANG_ENABLE_OBJC_WEAK = YES;
				CLANG_WARN_BLOCK_CAPTURE_AUTORELEASING = YES;
				CLANG_WARN_BOOL_CONVERSION = YES;
				CLANG_WARN_COMMA = YES;
				CLANG_WARN_CONSTANT_CONVERSION = YES;
				CLANG_WARN_DEPRECATED_OBJC_IMPLEMENTATIONS = YES;
				CLANG_WARN_DIRECT_OBJC_ISA_USAGE = YES_ERROR;
				CLANG_WARN_DOCUMENTATION_COMMENTS = YES;
				CLANG_WARN_EMPTY_BODY = YES;
				CLANG_WARN_ENUM_CONVERSION = YES;
				CLANG_WARN_INFINITE_RECURSION = YES;
				CLANG_WARN_INT_CONVERSION = YES;
				CLANG_WARN_NON_LITERAL_NULL_CONVERSION = YES;
				CLANG_WARN_OBJC_IMPLICIT_RETAIN_SELF = YES;
				CLANG_WARN_OBJC_LITERAL_CONVERSION = YES;
				CLANG_WARN_OBJC_ROOT_CLASS = YES_ERROR;
				CLANG_WARN_QUOTED_INCLUDE_IN_FRAMEWORK_HEADER = YES;
				CLANG_WARN_RANGE_LOOP_ANALYSIS = YES;
				CLANG_WARN_STRICT_PROTOTYPES = YES;
				CLANG_WARN_SUSPICIOUS_MOVE = YES;
				CLANG_WARN_UNGUARDED_AVAILABILITY = YES_AGGRESSIVE;
				CLANG_WARN_UNREACHABLE_CODE = YES;
				CLANG_WARN__DUPLICATE_METHOD_MATCH = YES;
				COPY_PHASE_STRIP = NO;
				DEBUG_INFORMATION_FORMAT = "dwarf-with-dsym";
				ENABLE_NS_ASSERTIONS = NO;
				ENABLE_STRICT_OBJC_MSGSEND = YES;
				GCC_C_LANGUAGE_STANDARD = gnu11;
				GCC_NO_COMMON_BLOCKS = YES;
				GCC_WARN_64_TO_32_BIT_CONVERSION = YES;
				GCC_WARN_ABOUT_RETURN_TYPE = YES_ERROR;
				GCC_WARN_UNDECLARED_SELECTOR = YES;
				GCC_WARN_UNINITIALIZED_AUTOS = YES_AGGRESSIVE;
				GCC_WARN_UNUSED_FUNCTION = YES;
				GCC_WARN_UNUSED_VARIABLE = YES;
				IPHONEOS_DEPLOYMENT_TARGET = 14.5;
				MTL_ENABLE_DEBUG_INFO = NO;
				MTL_FAST_MATH = YES;
				SDKROOT = iphoneos;
				SWIFT_COMPILATION_MODE = wholemodule;
				SWIFT_OPTIMIZATION_LEVEL = "-O";
				VALIDATE_PRODUCT = YES;
			};
			name = Release;
		};
		AD32305D26B8365E0057BCB1 /* Debug */ = {
			isa = XCBuildConfiguration;
			buildSettings = {
				ASSETCATALOG_COMPILER_APPICON_NAME = AppIcon;
				ASSETCATALOG_COMPILER_GLOBAL_ACCENT_COLOR_NAME = AccentColor;
				CODE_SIGN_STYLE = Automatic;
				DEVELOPMENT_ASSET_PATHS = "\"SimpleMVVMRestAPI/Preview Content\"";
				DEVELOPMENT_TEAM = R6V3UCSNG3;
				ENABLE_PREVIEWS = YES;
				INFOPLIST_FILE = SimpleMVVMRestAPI/Info.plist;
				LD_RUNPATH_SEARCH_PATHS = (
					"$(inherited)",
					"@executable_path/Frameworks",
				);
				PRODUCT_BUNDLE_IDENTIFIER = com.ycompany.SimpleMVVMRestAPI;
				PRODUCT_NAME = "$(TARGET_NAME)";
				SWIFT_VERSION = 5.0;
				TARGETED_DEVICE_FAMILY = "1,2";
			};
			name = Debug;
		};
		AD32305E26B8365E0057BCB1 /* Release */ = {
			isa = XCBuildConfiguration;
			buildSettings = {
				ASSETCATALOG_COMPILER_APPICON_NAME = AppIcon;
				ASSETCATALOG_COMPILER_GLOBAL_ACCENT_COLOR_NAME = AccentColor;
				CODE_SIGN_STYLE = Automatic;
				DEVELOPMENT_ASSET_PATHS = "\"SimpleMVVMRestAPI/Preview Content\"";
				DEVELOPMENT_TEAM = R6V3UCSNG3;
				ENABLE_PREVIEWS = YES;
				INFOPLIST_FILE = SimpleMVVMRestAPI/Info.plist;
				LD_RUNPATH_SEARCH_PATHS = (
					"$(inherited)",
					"@executable_path/Frameworks",
				);
				PRODUCT_BUNDLE_IDENTIFIER = com.ycompany.SimpleMVVMRestAPI;
				PRODUCT_NAME = "$(TARGET_NAME)";
				SWIFT_VERSION = 5.0;
				TARGETED_DEVICE_FAMILY = "1,2";
			};
			name = Release;
		};
/* End XCBuildConfiguration section */

/* Begin XCConfigurationList section */
		AD32304326B8365E0057BCB1 /* Build configuration list for PBXProject "SimpleMVVMRestAPI" */ = {
			isa = XCConfigurationList;
			buildConfigurations = (
				AD32305A26B8365E0057BCB1 /* Debug */,
				AD32305B26B8365E0057BCB1 /* Release */,
			);
			defaultConfigurationIsVisible = 0;
			defaultConfigurationName = Release;
		};
		AD32305C26B8365E0057BCB1 /* Build configuration list for PBXNativeTarget "SimpleMVVMRestAPI" */ = {
			isa = XCConfigurationList;
			buildConfigurations = (
				AD32305D26B8365E0057BCB1 /* Debug */,
				AD32305E26B8365E0057BCB1 /* Release */,
			);
			defaultConfigurationIsVisible = 0;
			defaultConfigurationName = Release;
		};
/* End XCConfigurationList section */
	};
	rootObject = AD32304026B8365E0057BCB1 /* Project object */;
}
